
Microsoft Visual Studio Solution File, Format Version 12.00
# Visual Studio Version 16
VisualStudioVersion = 16.0.30523.141
MinimumVisualStudioVersion = 10.0.40219.1
Project("{FAE04EC0-301F-11D3-BF4B-00C04F79EFBC}") = "Formulario", "Formulario\Formulario.csproj", "{F2AB4FCE-6C0B-48FC-8BF4-524DCF51570A}"
EndProject
Global
	GlobalSection(SolutionConfigurationPlatforms) = preSolution
		Debug|Any CPU = Debug|Any CPU
		Release|Any CPU = Release|Any CPU
	EndGlobalSection
	GlobalSection(ProjectConfigurationPlatforms) = postSolution
		{F2AB4FCE-6C0B-48FC-8BF4-524DCF51570A}.Debug|Any CPU.ActiveCfg = Debug|Any CPU
		{F2AB4FCE-6C0B-48FC-8BF4-524DCF51570A}.Debug|Any CPU.Build.0 = Debug|Any CPU
		{F2AB4FCE-6C0B-48FC-8BF4-524DCF51570A}.Release|Any CPU.ActiveCfg = Release|Any CPU
		{F2AB4FCE-6C0B-48FC-8BF4-524DCF51570A}.Release|Any CPU.Build.0 = Release|Any CPU
	EndGlobalSection
	GlobalSection(SolutionProperties) = preSolution
		HideSolutionNode = FALSE
	EndGlobalSection
	GlobalSection(ExtensibilityGlobals) = postSolution
		SolutionGuid = {BAF40929-0C3B-4FDE-9B29-F5C5CABC8F3A}
	EndGlobalSection
EndGlobal
